
Microsoft Visual Studio Solution File, Format Version 12.00
# Visual Studio 15
VisualStudioVersion = 15.0.27004.2008
MinimumVisualStudioVersion = 10.0.40219.1
Project("{9A19103F-16F7-4668-BE54-9A1E7A4F7556}") = "LearningSystem.Web", "LearningSystem.Web\LearningSystem.Web.csproj", "{6BFCBD8F-7B3D-4575-ACBA-B3582A682792}"
EndProject
Project("{9A19103F-16F7-4668-BE54-9A1E7A4F7556}") = "LearningSystem.Data", "LearningSystem.Data\LearningSystem.Data.csproj", "{1DEC7BE5-23E7-44BD-BB70-E3DCE4CEFA40}"
EndProject
Project("{9A19103F-16F7-4668-BE54-9A1E7A4F7556}") = "LearningSystem.Service", "LearningSystem.Service\LearningSystem.Service.csproj", "{3D14EB3E-B16C-4463-B255-5DDFE0631E62}"
EndProject
Project("{FAE04EC0-301F-11D3-BF4B-00C04F79EFBC}") = "LearningSystem.Common", "LearningSystem.Common\LearningSystem.Common.csproj", "{1311982A-F72C-4730-BBAE-CAE29C8A71DE}"
EndProject
Global
	GlobalSection(SolutionConfigurationPlatforms) = preSolution
		Debug|Any CPU = Debug|Any CPU
		Release|Any CPU = Release|Any CPU
	EndGlobalSection
	GlobalSection(ProjectConfigurationPlatforms) = postSolution
		{6BFCBD8F-7B3D-4575-ACBA-B3582A682792}.Debug|Any CPU.ActiveCfg = Debug|Any CPU
		{6BFCBD8F-7B3D-4575-ACBA-B3582A682792}.Debug|Any CPU.Build.0 = Debug|Any CPU
		{6BFCBD8F-7B3D-4575-ACBA-B3582A682792}.Release|Any CPU.ActiveCfg = Release|Any CPU
		{6BFCBD8F-7B3D-4575-ACBA-B3582A682792}.Release|Any CPU.Build.0 = Release|Any CPU
		{1DEC7BE5-23E7-44BD-BB70-E3DCE4CEFA40}.Debug|Any CPU.ActiveCfg = Debug|Any CPU
		{1DEC7BE5-23E7-44BD-BB70-E3DCE4CEFA40}.Debug|Any CPU.Build.0 = Debug|Any CPU
		{1DEC7BE5-23E7-44BD-BB70-E3DCE4CEFA40}.Release|Any CPU.ActiveCfg = Release|Any CPU
		{1DEC7BE5-23E7-44BD-BB70-E3DCE4CEFA40}.Release|Any CPU.Build.0 = Release|Any CPU
		{3D14EB3E-B16C-4463-B255-5DDFE0631E62}.Debug|Any CPU.ActiveCfg = Debug|Any CPU
		{3D14EB3E-B16C-4463-B255-5DDFE0631E62}.Debug|Any CPU.Build.0 = Debug|Any CPU
		{3D14EB3E-B16C-4463-B255-5DDFE0631E62}.Release|Any CPU.ActiveCfg = Release|Any CPU
		{3D14EB3E-B16C-4463-B255-5DDFE0631E62}.Release|Any CPU.Build.0 = Release|Any CPU
		{1311982A-F72C-4730-BBAE-CAE29C8A71DE}.Debug|Any CPU.ActiveCfg = Debug|Any CPU
		{1311982A-F72C-4730-BBAE-CAE29C8A71DE}.Debug|Any CPU.Build.0 = Debug|Any CPU
		{1311982A-F72C-4730-BBAE-CAE29C8A71DE}.Release|Any CPU.ActiveCfg = Release|Any CPU
		{1311982A-F72C-4730-BBAE-CAE29C8A71DE}.Release|Any CPU.Build.0 = Release|Any CPU
	EndGlobalSection
	GlobalSection(SolutionProperties) = preSolution
		HideSolutionNode = FALSE
	EndGlobalSection
	GlobalSection(ExtensibilityGlobals) = postSolution
		SolutionGuid = {A55A0D1A-4B94-4FB7-B172-E539FBAB7D57}
	EndGlobalSection
EndGlobal
