
Microsoft Visual Studio Solution File, Format Version 12.00
# Visual Studio 15
VisualStudioVersion = 15.0.27004.2006
MinimumVisualStudioVersion = 10.0.40219.1
Project("{9A19103F-16F7-4668-BE54-9A1E7A4F7556}") = "CarDealer.Web", "CarDealer.Web\CarDealer.Web.csproj", "{6A98D388-924E-4C65-B4CD-20DDC3E1124F}"
EndProject
Project("{9A19103F-16F7-4668-BE54-9A1E7A4F7556}") = "CarDealer.Data", "..\CarDealer.Data\CarDealer.Data.csproj", "{D411C1D9-1947-477E-BEC7-577DC2BA2450}"
EndProject
Global
	GlobalSection(SolutionConfigurationPlatforms) = preSolution
		Debug|Any CPU = Debug|Any CPU
		Release|Any CPU = Release|Any CPU
	EndGlobalSection
	GlobalSection(ProjectConfigurationPlatforms) = postSolution
		{6A98D388-924E-4C65-B4CD-20DDC3E1124F}.Debug|Any CPU.ActiveCfg = Debug|Any CPU
		{6A98D388-924E-4C65-B4CD-20DDC3E1124F}.Debug|Any CPU.Build.0 = Debug|Any CPU
		{6A98D388-924E-4C65-B4CD-20DDC3E1124F}.Release|Any CPU.ActiveCfg = Release|Any CPU
		{6A98D388-924E-4C65-B4CD-20DDC3E1124F}.Release|Any CPU.Build.0 = Release|Any CPU
		{D411C1D9-1947-477E-BEC7-577DC2BA2450}.Debug|Any CPU.ActiveCfg = Debug|Any CPU
		{D411C1D9-1947-477E-BEC7-577DC2BA2450}.Debug|Any CPU.Build.0 = Debug|Any CPU
		{D411C1D9-1947-477E-BEC7-577DC2BA2450}.Release|Any CPU.ActiveCfg = Release|Any CPU
		{D411C1D9-1947-477E-BEC7-577DC2BA2450}.Release|Any CPU.Build.0 = Release|Any CPU
	EndGlobalSection
	GlobalSection(SolutionProperties) = preSolution
		HideSolutionNode = FALSE
	EndGlobalSection
	GlobalSection(ExtensibilityGlobals) = postSolution
		SolutionGuid = {6F9798B0-6865-4C87-8DD5-6A70096A77C9}
	EndGlobalSection
EndGlobal
