
Microsoft Visual Studio Solution File, Format Version 12.00
# Visual Studio 15
VisualStudioVersion = 15.0.27004.2008
MinimumVisualStudioVersion = 10.0.40219.1
Project("{FAE04EC0-301F-11D3-BF4B-00C04F79EFBC}") = "CameraStore.Web", "CameraStore.Web\CameraStore.Web.csproj", "{822E803C-FFC6-45D4-904E-ACB777973926}"
EndProject
Project("{FAE04EC0-301F-11D3-BF4B-00C04F79EFBC}") = "CameraStore.Data", "CameraStore.Data\CameraStore.Data.csproj", "{84626BB8-B7B8-41F3-8468-EB2B82FFC88B}"
EndProject
Project("{FAE04EC0-301F-11D3-BF4B-00C04F79EFBC}") = "CameraStore.Service", "CameraStore.Service\CameraStore.Service.csproj", "{2B90CBF4-4E2E-4066-A4B7-AB1F61AC6A6D}"
EndProject
Global
	GlobalSection(SolutionConfigurationPlatforms) = preSolution
		Debug|Any CPU = Debug|Any CPU
		Release|Any CPU = Release|Any CPU
	EndGlobalSection
	GlobalSection(ProjectConfigurationPlatforms) = postSolution
		{822E803C-FFC6-45D4-904E-ACB777973926}.Debug|Any CPU.ActiveCfg = Debug|Any CPU
		{822E803C-FFC6-45D4-904E-ACB777973926}.Debug|Any CPU.Build.0 = Debug|Any CPU
		{822E803C-FFC6-45D4-904E-ACB777973926}.Release|Any CPU.ActiveCfg = Release|Any CPU
		{822E803C-FFC6-45D4-904E-ACB777973926}.Release|Any CPU.Build.0 = Release|Any CPU
		{84626BB8-B7B8-41F3-8468-EB2B82FFC88B}.Debug|Any CPU.ActiveCfg = Debug|Any CPU
		{84626BB8-B7B8-41F3-8468-EB2B82FFC88B}.Debug|Any CPU.Build.0 = Debug|Any CPU
		{84626BB8-B7B8-41F3-8468-EB2B82FFC88B}.Release|Any CPU.ActiveCfg = Release|Any CPU
		{84626BB8-B7B8-41F3-8468-EB2B82FFC88B}.Release|Any CPU.Build.0 = Release|Any CPU
		{2B90CBF4-4E2E-4066-A4B7-AB1F61AC6A6D}.Debug|Any CPU.ActiveCfg = Debug|Any CPU
		{2B90CBF4-4E2E-4066-A4B7-AB1F61AC6A6D}.Debug|Any CPU.Build.0 = Debug|Any CPU
		{2B90CBF4-4E2E-4066-A4B7-AB1F61AC6A6D}.Release|Any CPU.ActiveCfg = Release|Any CPU
		{2B90CBF4-4E2E-4066-A4B7-AB1F61AC6A6D}.Release|Any CPU.Build.0 = Release|Any CPU
	EndGlobalSection
	GlobalSection(SolutionProperties) = preSolution
		HideSolutionNode = FALSE
	EndGlobalSection
	GlobalSection(ExtensibilityGlobals) = postSolution
		SolutionGuid = {0A99B766-1C1B-4D66-9B12-2D2BB47F4E20}
	EndGlobalSection
EndGlobal
